
Microsoft Visual Studio Solution File, Format Version 12.00
# Visual Studio Version 16
VisualStudioVersion = 16.0.31112.23
MinimumVisualStudioVersion = 10.0.40219.1
Project("{8BC9CEB8-8B4A-11D0-8D11-00A0C91BC942}") = "Task 1.2", "Task 1.2\Task 1.2.vcxproj", "{550CCEEE-EE26-414D-9477-BE23972D7793}"
EndProject
Global
	GlobalSection(SolutionConfigurationPlatforms) = preSolution
		Debug|x64 = Debug|x64
		Debug|x86 = Debug|x86
		Release|x64 = Release|x64
		Release|x86 = Release|x86
	EndGlobalSection
	GlobalSection(ProjectConfigurationPlatforms) = postSolution
		{550CCEEE-EE26-414D-9477-BE23972D7793}.Debug|x64.ActiveCfg = Debug|x64
		{550CCEEE-EE26-414D-9477-BE23972D7793}.Debug|x64.Build.0 = Debug|x64
		{550CCEEE-EE26-414D-9477-BE23972D7793}.Debug|x86.ActiveCfg = Debug|Win32
		{550CCEEE-EE26-414D-9477-BE23972D7793}.Debug|x86.Build.0 = Debug|Win32
		{550CCEEE-EE26-414D-9477-BE23972D7793}.Release|x64.ActiveCfg = Release|x64
		{550CCEEE-EE26-414D-9477-BE23972D7793}.Release|x64.Build.0 = Release|x64
		{550CCEEE-EE26-414D-9477-BE23972D7793}.Release|x86.ActiveCfg = Release|Win32
		{550CCEEE-EE26-414D-9477-BE23972D7793}.Release|x86.Build.0 = Release|Win32
	EndGlobalSection
	GlobalSection(SolutionProperties) = preSolution
		HideSolutionNode = FALSE
	EndGlobalSection
	GlobalSection(ExtensibilityGlobals) = postSolution
		SolutionGuid = {D4A90514-F932-4615-83DA-8653E6801D8E}
	EndGlobalSection
EndGlobal
